{
  "requires": true,
  "lockfileVersion": 1,
  "dependencies": {
    "react-accessible-accordion": {
      "version": "3.1.0",
      "resolved": "https://registry.npmjs.org/react-accessible-accordion/-/react-accessible-accordion-3.1.0.tgz",
      "integrity": "sha512-h5K0oZO7Maj2na5NrXz/BHfGy6W8WbfbXeQkTwKdsneI1HNhE3utwGc29yAb+GZ1UlQStf0Rmy1yA2K1qP87xQ=="
    }
  }
}
